
Microsoft Visual Studio Solution File, Format Version 12.00
# Visual Studio Version 17
VisualStudioVersion = 17.7.34031.279
MinimumVisualStudioVersion = 10.0.40219.1
Project("{FAE04EC0-301F-11D3-BF4B-00C04F79EFBC}") = "bai1", "bai1\bai1.csproj", "{D3F6035F-D749-42D7-8062-45DA2E77296F}"
EndProject
Global
	GlobalSection(SolutionConfigurationPlatforms) = preSolution
		Debug|Any CPU = Debug|Any CPU
		Release|Any CPU = Release|Any CPU
	EndGlobalSection
	GlobalSection(ProjectConfigurationPlatforms) = postSolution
		{D3F6035F-D749-42D7-8062-45DA2E77296F}.Debug|Any CPU.ActiveCfg = Debug|Any CPU
		{D3F6035F-D749-42D7-8062-45DA2E77296F}.Debug|Any CPU.Build.0 = Debug|Any CPU
		{D3F6035F-D749-42D7-8062-45DA2E77296F}.Release|Any CPU.ActiveCfg = Release|Any CPU
		{D3F6035F-D749-42D7-8062-45DA2E77296F}.Release|Any CPU.Build.0 = Release|Any CPU
	EndGlobalSection
	GlobalSection(SolutionProperties) = preSolution
		HideSolutionNode = FALSE
	EndGlobalSection
	GlobalSection(ExtensibilityGlobals) = postSolution
		SolutionGuid = {2E7DA2B0-E10D-4678-BA21-852D8B206163}
	EndGlobalSection
EndGlobal
