
Microsoft Visual Studio Solution File, Format Version 12.00
# Visual Studio Version 17
VisualStudioVersion = 17.7.34031.279
MinimumVisualStudioVersion = 10.0.40219.1
Project("{FAE04EC0-301F-11D3-BF4B-00C04F79EFBC}") = "Bai4", "Bai4\Bai4.csproj", "{FB9CFCD4-1B56-447C-AE11-A6F2CE0F8FC1}"
EndProject
Global
	GlobalSection(SolutionConfigurationPlatforms) = preSolution
		Debug|Any CPU = Debug|Any CPU
		Release|Any CPU = Release|Any CPU
	EndGlobalSection
	GlobalSection(ProjectConfigurationPlatforms) = postSolution
		{FB9CFCD4-1B56-447C-AE11-A6F2CE0F8FC1}.Debug|Any CPU.ActiveCfg = Debug|Any CPU
		{FB9CFCD4-1B56-447C-AE11-A6F2CE0F8FC1}.Debug|Any CPU.Build.0 = Debug|Any CPU
		{FB9CFCD4-1B56-447C-AE11-A6F2CE0F8FC1}.Release|Any CPU.ActiveCfg = Release|Any CPU
		{FB9CFCD4-1B56-447C-AE11-A6F2CE0F8FC1}.Release|Any CPU.Build.0 = Release|Any CPU
	EndGlobalSection
	GlobalSection(SolutionProperties) = preSolution
		HideSolutionNode = FALSE
	EndGlobalSection
	GlobalSection(ExtensibilityGlobals) = postSolution
		SolutionGuid = {475A748E-F677-4FB0-AD7C-1F23BF3E9C6F}
	EndGlobalSection
EndGlobal
